
Microsoft Visual Studio Solution File, Format Version 12.00
# Visual Studio Version 17
VisualStudioVersion = 17.8.34330.188
MinimumVisualStudioVersion = 10.0.40219.1
Project("{FAE04EC0-301F-11D3-BF4B-00C04F79EFBC}") = "ProductMonitor", "ProductMonitor\ProductMonitor.csproj", "{056AC043-E26A-4D62-B212-240291696480}"
EndProject
Global
	GlobalSection(SolutionConfigurationPlatforms) = preSolution
		Debug|Any CPU = Debug|Any CPU
		Release|Any CPU = Release|Any CPU
	EndGlobalSection
	GlobalSection(ProjectConfigurationPlatforms) = postSolution
		{056AC043-E26A-4D62-B212-240291696480}.Debug|Any CPU.ActiveCfg = Debug|Any CPU
		{056AC043-E26A-4D62-B212-240291696480}.Debug|Any CPU.Build.0 = Debug|Any CPU
		{056AC043-E26A-4D62-B212-240291696480}.Release|Any CPU.ActiveCfg = Release|Any CPU
		{056AC043-E26A-4D62-B212-240291696480}.Release|Any CPU.Build.0 = Release|Any CPU
	EndGlobalSection
	GlobalSection(SolutionProperties) = preSolution
		HideSolutionNode = FALSE
	EndGlobalSection
	GlobalSection(ExtensibilityGlobals) = postSolution
		SolutionGuid = {2DBF9504-3417-42DB-A43E-1E3F1590B99F}
	EndGlobalSection
EndGlobal
